{
    "_readme": [
        "This file locks the dependencies of your project to a known state",
        "Read more about it at https://getcomposer.org/doc/01-basic-usage.md#composer-lock-the-lock-file",
        "This file is @generated automatically"
    ],
    "hash": "22944cc513a03734f7fd087cdcd9cd6c",
    "content-hash": "cca7de6c58869cd28473e7ffb22a5de4",
    "packages": [
        {
            "name": "fennb/phirehose",
            "version": "v1.0.1",
            "source": {
                "type": "git",
                "url": "https://github.com/fennb/phirehose.git",
                "reference": "63d638473bf8e9e70f0bfc7785a6b557594d17c8"
            },
            "dist": {
                "type": "zip",
                "url": "https://api.github.com/repos/fennb/phirehose/zipball/63d638473bf8e9e70f0bfc7785a6b557594d17c8",
                "reference": "63d638473bf8e9e70f0bfc7785a6b557594d17c8",
                "shasum": ""
            },
            "require": {
                "php": ">=5.2.0"
            },
            "type": "library",
            "autoload": {
                "classmap": [
                    "lib"
                ]
            },
            "notification-url": "https://packagist.org/downloads/",
            "license": [
                "GPL"
            ],
            "authors": [
                {
                    "name": "Fenn Bailey",
                    "homepage": "http://fennb.com/"
                }
            ],
            "description": "A PHP interface to the Twitter Streaming API.",
            "homepage": "https://github.com/fennb/phirehose",
            "keywords": [
                "api",
                "phirehose",
                "php",
                "streaming",
                "twitter"
            ],
            "time": "2014-09-30 23:30:52"
        },
        {
            "name": "psr/log",
            "version": "1.0.0",
            "source": {
                "type": "git",
                "url": "https://github.com/php-fig/log.git",
                "reference": "fe0936ee26643249e916849d48e3a51d5f5e278b"
            },
            "dist": {
                "type": "zip",
                "url": "https://api.github.com/repos/php-fig/log/zipball/fe0936ee26643249e916849d48e3a51d5f5e278b",
                "reference": "fe0936ee26643249e916849d48e3a51d5f5e278b",
                "shasum": ""
            },
            "type": "library",
            "autoload": {
                "psr-0": {
                    "Psr\\Log\\": ""
                }
            },
            "notification-url": "https://packagist.org/downloads/",
            "license": [
                "MIT"
            ],
            "authors": [
                {
                    "name": "PHP-FIG",
                    "homepage": "http://www.php-fig.org/"
                }
            ],
            "description": "Common interface for logging libraries",
            "keywords": [
                "log",
                "psr",
                "psr-3"
            ],
            "time": "2012-12-21 11:40:51"
        },
        {
            "name": "ruflin/elastica",
            "version": "dev-master",
            "source": {
                "type": "git",
                "url": "https://github.com/ruflin/Elastica.git",
                "reference": "774aee68e53a95ba67e7bd77e76af3adc84da279"
            },
            "dist": {
                "type": "zip",
                "url": "https://api.github.com/repos/ruflin/Elastica/zipball/774aee68e53a95ba67e7bd77e76af3adc84da279",
                "reference": "774aee68e53a95ba67e7bd77e76af3adc84da279",
                "shasum": ""
            },
            "require": {
                "php": ">=5.4.0",
                "psr/log": "~1.0"
            },
            "require-dev": {
                "aws/aws-sdk-php": "~3.0",
                "guzzlehttp/guzzle": "~6.0"
            },
            "suggest": {
                "aws/aws-sdk-php": "Allow using IAM authentication with Amazon ElasticSearch Service",
                "egeloen/http-adapter": "Allow using httpadapter transport",
                "guzzlehttp/guzzle": "Allow using guzzle 6 as the http transport (Requires php 5.5)",
                "monolog/monolog": "Logging request"
            },
            "type": "library",
            "extra": {
                "branch-alias": {
                    "dev-master": "3.1.x-dev"
                }
            },
            "autoload": {
                "psr-4": {
                    "Elastica\\": "lib/Elastica/"
                }
            },
            "notification-url": "https://packagist.org/downloads/",
            "license": [
                "MIT"
            ],
            "authors": [
                {
                    "name": "Nicolas Ruflin",
                    "homepage": "http://ruflin.com/"
                }
            ],
            "description": "Elasticsearch Client",
            "homepage": "http://elastica.io/",
            "keywords": [
                "client",
                "search"
            ],
            "time": "2016-04-05 18:58:45"
        }
    ],
    "packages-dev": [],
    "aliases": [],
    "minimum-stability": "stable",
    "stability-flags": {
        "ruflin/elastica": 20
    },
    "prefer-stable": false,
    "prefer-lowest": false,
    "platform": [],
    "platform-dev": []
}
